
Microsoft Visual Studio Solution File, Format Version 12.00
# Visual Studio Version 16
VisualStudioVersion = 16.0.30204.135
MinimumVisualStudioVersion = 10.0.40219.1
Project("{FAE04EC0-301F-11D3-BF4B-00C04F79EFBC}") = "PetsAppDemo", "PetsAppDemo\PetsAppDemo.csproj", "{4E9E0ADE-D159-4E6F-A84D-843541E17D1C}"
EndProject
Global
	GlobalSection(SolutionConfigurationPlatforms) = preSolution
		Debug|Any CPU = Debug|Any CPU
		Release|Any CPU = Release|Any CPU
	EndGlobalSection
	GlobalSection(ProjectConfigurationPlatforms) = postSolution
		{4E9E0ADE-D159-4E6F-A84D-843541E17D1C}.Debug|Any CPU.ActiveCfg = Debug|Any CPU
		{4E9E0ADE-D159-4E6F-A84D-843541E17D1C}.Debug|Any CPU.Build.0 = Debug|Any CPU
		{4E9E0ADE-D159-4E6F-A84D-843541E17D1C}.Release|Any CPU.ActiveCfg = Release|Any CPU
		{4E9E0ADE-D159-4E6F-A84D-843541E17D1C}.Release|Any CPU.Build.0 = Release|Any CPU
	EndGlobalSection
	GlobalSection(SolutionProperties) = preSolution
		HideSolutionNode = FALSE
	EndGlobalSection
	GlobalSection(ExtensibilityGlobals) = postSolution
		SolutionGuid = {D2072B41-86B9-47E0-BCA6-2CA0476402CE}
	EndGlobalSection
EndGlobal
